
Microsoft Visual Studio Solution File, Format Version 12.00
# Visual Studio 14
VisualStudioVersion = 14.0.25420.1
MinimumVisualStudioVersion = 10.0.40219.1
Project("{FAE04EC0-301F-11D3-BF4B-00C04F79EFBC}") = "ATM", "ATM\ATM.csproj", "{B9BA4DBA-E127-4017-96FE-804789F0E947}"
	ProjectSection(ProjectDependencies) = postProject
		{3664F0DE-A263-4D29-9FD9-2A47AE5F6464} = {3664F0DE-A263-4D29-9FD9-2A47AE5F6464}
	EndProjectSection
EndProject
Project("{FAE04EC0-301F-11D3-BF4B-00C04F79EFBC}") = "CustomControl", "CustomControl\CustomControl.csproj", "{3664F0DE-A263-4D29-9FD9-2A47AE5F6464}"
EndProject
Project("{FAE04EC0-301F-11D3-BF4B-00C04F79EFBC}") = "FormsTask", "FormsTask\FormsTask.csproj", "{467CE9CB-4BA0-49FD-8FAC-D1BC87C2A616}"
EndProject
Project("{FAE04EC0-301F-11D3-BF4B-00C04F79EFBC}") = "PrescriptionRefill", "PrescriptionRefill\PrescriptionRefill.csproj", "{A1B7FE62-FEB9-4824-9210-A05572907CCE}"
EndProject
Project("{FAE04EC0-301F-11D3-BF4B-00C04F79EFBC}") = "ReactionTest", "ReactionTest\ReactionTest.csproj", "{919E1021-F78C-4673-A28C-5FBC5086DD6F}"
EndProject
Project("{FAE04EC0-301F-11D3-BF4B-00C04F79EFBC}") = "TasksMainMenu", "TasksMainMenu\TasksMainMenu.csproj", "{151E47EB-97AC-4F5D-BEB0-84F270900BDA}"
	ProjectSection(ProjectDependencies) = postProject
		{731BB2F9-4C0F-461A-BEEF-DCE54B3DED62} = {731BB2F9-4C0F-461A-BEEF-DCE54B3DED62}
	EndProjectSection
EndProject
Project("{FAE04EC0-301F-11D3-BF4B-00C04F79EFBC}") = "MetroTickets", "MetroTickets\MetroTickets\MetroTickets.csproj", "{C1BA9CB0-DA85-475E-ADB8-E025F0EE638A}"
EndProject
Project("{FAE04EC0-301F-11D3-BF4B-00C04F79EFBC}") = "DoctorTest", "WpfApplication1\DoctorTest.csproj", "{78D0C478-63D7-452A-8327-B54271556A9F}"
EndProject
Project("{FAE04EC0-301F-11D3-BF4B-00C04F79EFBC}") = "FunctionalTasksDataManagement", "FunctionalTasksDataManagement\FunctionalTasksDataManagement.csproj", "{5D6EC6B8-71DB-4A4F-8689-921C030747C9}"
EndProject
Project("{FAE04EC0-301F-11D3-BF4B-00C04F79EFBC}") = "OnlineBanking", "OnlineBanking\OnlineBanking.csproj", "{731BB2F9-4C0F-461A-BEEF-DCE54B3DED62}"
EndProject
Global
	GlobalSection(SolutionConfigurationPlatforms) = preSolution
		Debug|Any CPU = Debug|Any CPU
		Debug|Mixed Platforms = Debug|Mixed Platforms
		Debug|x86 = Debug|x86
		FTS-G|Any CPU = FTS-G|Any CPU
		FTS-G|Mixed Platforms = FTS-G|Mixed Platforms
		FTS-G|x86 = FTS-G|x86
		FTS-NG|Any CPU = FTS-NG|Any CPU
		FTS-NG|Mixed Platforms = FTS-NG|Mixed Platforms
		FTS-NG|x86 = FTS-NG|x86
		Release|Any CPU = Release|Any CPU
		Release|Mixed Platforms = Release|Mixed Platforms
		Release|x86 = Release|x86
	EndGlobalSection
	GlobalSection(ProjectConfigurationPlatforms) = postSolution
		{B9BA4DBA-E127-4017-96FE-804789F0E947}.Debug|Any CPU.ActiveCfg = Debug|x86
		{B9BA4DBA-E127-4017-96FE-804789F0E947}.Debug|Mixed Platforms.ActiveCfg = Debug|x86
		{B9BA4DBA-E127-4017-96FE-804789F0E947}.Debug|Mixed Platforms.Build.0 = Debug|x86
		{B9BA4DBA-E127-4017-96FE-804789F0E947}.Debug|x86.ActiveCfg = Debug|x86
		{B9BA4DBA-E127-4017-96FE-804789F0E947}.Debug|x86.Build.0 = Debug|x86
		{B9BA4DBA-E127-4017-96FE-804789F0E947}.FTS-G|Any CPU.ActiveCfg = FTS-G|x86
		{B9BA4DBA-E127-4017-96FE-804789F0E947}.FTS-G|Mixed Platforms.ActiveCfg = FTS-G|x86
		{B9BA4DBA-E127-4017-96FE-804789F0E947}.FTS-G|Mixed Platforms.Build.0 = FTS-G|x86
		{B9BA4DBA-E127-4017-96FE-804789F0E947}.FTS-G|x86.ActiveCfg = FTS-G|x86
		{B9BA4DBA-E127-4017-96FE-804789F0E947}.FTS-G|x86.Build.0 = FTS-G|x86
		{B9BA4DBA-E127-4017-96FE-804789F0E947}.FTS-NG|Any CPU.ActiveCfg = FTS-NG|x86
		{B9BA4DBA-E127-4017-96FE-804789F0E947}.FTS-NG|Mixed Platforms.ActiveCfg = FTS-NG|x86
		{B9BA4DBA-E127-4017-96FE-804789F0E947}.FTS-NG|Mixed Platforms.Build.0 = FTS-NG|x86
		{B9BA4DBA-E127-4017-96FE-804789F0E947}.FTS-NG|x86.ActiveCfg = FTS-NG|x86
		{B9BA4DBA-E127-4017-96FE-804789F0E947}.FTS-NG|x86.Build.0 = FTS-NG|x86
		{B9BA4DBA-E127-4017-96FE-804789F0E947}.Release|Any CPU.ActiveCfg = Release|x86
		{B9BA4DBA-E127-4017-96FE-804789F0E947}.Release|Mixed Platforms.ActiveCfg = Release|x86
		{B9BA4DBA-E127-4017-96FE-804789F0E947}.Release|Mixed Platforms.Build.0 = Release|x86
		{B9BA4DBA-E127-4017-96FE-804789F0E947}.Release|x86.ActiveCfg = Release|x86
		{B9BA4DBA-E127-4017-96FE-804789F0E947}.Release|x86.Build.0 = Release|x86
		{3664F0DE-A263-4D29-9FD9-2A47AE5F6464}.Debug|Any CPU.ActiveCfg = Debug|Any CPU
		{3664F0DE-A263-4D29-9FD9-2A47AE5F6464}.Debug|Mixed Platforms.ActiveCfg = Debug|Any CPU
		{3664F0DE-A263-4D29-9FD9-2A47AE5F6464}.Debug|Mixed Platforms.Build.0 = Debug|Any CPU
		{3664F0DE-A263-4D29-9FD9-2A47AE5F6464}.Debug|x86.ActiveCfg = Debug|Any CPU
		{3664F0DE-A263-4D29-9FD9-2A47AE5F6464}.FTS-G|Any CPU.ActiveCfg = FTS-G|Any CPU
		{3664F0DE-A263-4D29-9FD9-2A47AE5F6464}.FTS-G|Any CPU.Build.0 = FTS-G|Any CPU
		{3664F0DE-A263-4D29-9FD9-2A47AE5F6464}.FTS-G|Mixed Platforms.ActiveCfg = FTS-G|Any CPU
		{3664F0DE-A263-4D29-9FD9-2A47AE5F6464}.FTS-G|Mixed Platforms.Build.0 = FTS-G|Any CPU
		{3664F0DE-A263-4D29-9FD9-2A47AE5F6464}.FTS-G|x86.ActiveCfg = FTS-G|Any CPU
		{3664F0DE-A263-4D29-9FD9-2A47AE5F6464}.FTS-G|x86.Build.0 = FTS-G|Any CPU
		{3664F0DE-A263-4D29-9FD9-2A47AE5F6464}.FTS-NG|Any CPU.ActiveCfg = FTS-NG|Any CPU
		{3664F0DE-A263-4D29-9FD9-2A47AE5F6464}.FTS-NG|Any CPU.Build.0 = FTS-NG|Any CPU
		{3664F0DE-A263-4D29-9FD9-2A47AE5F6464}.FTS-NG|Mixed Platforms.ActiveCfg = FTS-NG|Any CPU
		{3664F0DE-A263-4D29-9FD9-2A47AE5F6464}.FTS-NG|Mixed Platforms.Build.0 = FTS-NG|Any CPU
		{3664F0DE-A263-4D29-9FD9-2A47AE5F6464}.FTS-NG|x86.ActiveCfg = FTS-NG|Any CPU
		{3664F0DE-A263-4D29-9FD9-2A47AE5F6464}.FTS-NG|x86.Build.0 = FTS-NG|Any CPU
		{3664F0DE-A263-4D29-9FD9-2A47AE5F6464}.Release|Any CPU.ActiveCfg = Release|Any CPU
		{3664F0DE-A263-4D29-9FD9-2A47AE5F6464}.Release|Mixed Platforms.ActiveCfg = Release|Any CPU
		{3664F0DE-A263-4D29-9FD9-2A47AE5F6464}.Release|Mixed Platforms.Build.0 = Release|Any CPU
		{3664F0DE-A263-4D29-9FD9-2A47AE5F6464}.Release|x86.ActiveCfg = Release|Any CPU
		{467CE9CB-4BA0-49FD-8FAC-D1BC87C2A616}.Debug|Any CPU.ActiveCfg = Debug|x86
		{467CE9CB-4BA0-49FD-8FAC-D1BC87C2A616}.Debug|Mixed Platforms.ActiveCfg = Debug|x86
		{467CE9CB-4BA0-49FD-8FAC-D1BC87C2A616}.Debug|Mixed Platforms.Build.0 = Debug|x86
		{467CE9CB-4BA0-49FD-8FAC-D1BC87C2A616}.Debug|x86.ActiveCfg = Debug|x86
		{467CE9CB-4BA0-49FD-8FAC-D1BC87C2A616}.Debug|x86.Build.0 = Debug|x86
		{467CE9CB-4BA0-49FD-8FAC-D1BC87C2A616}.FTS-G|Any CPU.ActiveCfg = FTS-G|x86
		{467CE9CB-4BA0-49FD-8FAC-D1BC87C2A616}.FTS-G|Mixed Platforms.ActiveCfg = FTS-G|x86
		{467CE9CB-4BA0-49FD-8FAC-D1BC87C2A616}.FTS-G|Mixed Platforms.Build.0 = FTS-G|x86
		{467CE9CB-4BA0-49FD-8FAC-D1BC87C2A616}.FTS-G|x86.ActiveCfg = FTS-G|x86
		{467CE9CB-4BA0-49FD-8FAC-D1BC87C2A616}.FTS-G|x86.Build.0 = FTS-G|x86
		{467CE9CB-4BA0-49FD-8FAC-D1BC87C2A616}.FTS-NG|Any CPU.ActiveCfg = FTS-NG|x86
		{467CE9CB-4BA0-49FD-8FAC-D1BC87C2A616}.FTS-NG|Mixed Platforms.ActiveCfg = FTS-NG|x86
		{467CE9CB-4BA0-49FD-8FAC-D1BC87C2A616}.FTS-NG|Mixed Platforms.Build.0 = FTS-NG|x86
		{467CE9CB-4BA0-49FD-8FAC-D1BC87C2A616}.FTS-NG|x86.ActiveCfg = FTS-NG|x86
		{467CE9CB-4BA0-49FD-8FAC-D1BC87C2A616}.FTS-NG|x86.Build.0 = FTS-NG|x86
		{467CE9CB-4BA0-49FD-8FAC-D1BC87C2A616}.Release|Any CPU.ActiveCfg = Release|x86
		{467CE9CB-4BA0-49FD-8FAC-D1BC87C2A616}.Release|Mixed Platforms.ActiveCfg = Release|x86
		{467CE9CB-4BA0-49FD-8FAC-D1BC87C2A616}.Release|Mixed Platforms.Build.0 = Release|x86
		{467CE9CB-4BA0-49FD-8FAC-D1BC87C2A616}.Release|x86.ActiveCfg = Release|x86
		{467CE9CB-4BA0-49FD-8FAC-D1BC87C2A616}.Release|x86.Build.0 = Release|x86
		{A1B7FE62-FEB9-4824-9210-A05572907CCE}.Debug|Any CPU.ActiveCfg = Debug|x86
		{A1B7FE62-FEB9-4824-9210-A05572907CCE}.Debug|Mixed Platforms.ActiveCfg = Debug|x86
		{A1B7FE62-FEB9-4824-9210-A05572907CCE}.Debug|Mixed Platforms.Build.0 = Debug|x86
		{A1B7FE62-FEB9-4824-9210-A05572907CCE}.Debug|x86.ActiveCfg = Debug|x86
		{A1B7FE62-FEB9-4824-9210-A05572907CCE}.Debug|x86.Build.0 = Debug|x86
		{A1B7FE62-FEB9-4824-9210-A05572907CCE}.FTS-G|Any CPU.ActiveCfg = FTS-G|x86
		{A1B7FE62-FEB9-4824-9210-A05572907CCE}.FTS-G|Mixed Platforms.ActiveCfg = FTS-G|x86
		{A1B7FE62-FEB9-4824-9210-A05572907CCE}.FTS-G|Mixed Platforms.Build.0 = FTS-G|x86
		{A1B7FE62-FEB9-4824-9210-A05572907CCE}.FTS-G|x86.ActiveCfg = FTS-G|x86
		{A1B7FE62-FEB9-4824-9210-A05572907CCE}.FTS-G|x86.Build.0 = FTS-G|x86
		{A1B7FE62-FEB9-4824-9210-A05572907CCE}.FTS-NG|Any CPU.ActiveCfg = FTS-NG|x86
		{A1B7FE62-FEB9-4824-9210-A05572907CCE}.FTS-NG|Mixed Platforms.ActiveCfg = FTS-NG|x86
		{A1B7FE62-FEB9-4824-9210-A05572907CCE}.FTS-NG|Mixed Platforms.Build.0 = FTS-NG|x86
		{A1B7FE62-FEB9-4824-9210-A05572907CCE}.FTS-NG|x86.ActiveCfg = FTS-NG|x86
		{A1B7FE62-FEB9-4824-9210-A05572907CCE}.FTS-NG|x86.Build.0 = FTS-NG|x86
		{A1B7FE62-FEB9-4824-9210-A05572907CCE}.Release|Any CPU.ActiveCfg = Release|x86
		{A1B7FE62-FEB9-4824-9210-A05572907CCE}.Release|Mixed Platforms.ActiveCfg = Release|x86
		{A1B7FE62-FEB9-4824-9210-A05572907CCE}.Release|Mixed Platforms.Build.0 = Release|x86
		{A1B7FE62-FEB9-4824-9210-A05572907CCE}.Release|x86.ActiveCfg = Release|x86
		{A1B7FE62-FEB9-4824-9210-A05572907CCE}.Release|x86.Build.0 = Release|x86
		{919E1021-F78C-4673-A28C-5FBC5086DD6F}.Debug|Any CPU.ActiveCfg = Debug|x86
		{919E1021-F78C-4673-A28C-5FBC5086DD6F}.Debug|Mixed Platforms.ActiveCfg = Debug|x86
		{919E1021-F78C-4673-A28C-5FBC5086DD6F}.Debug|Mixed Platforms.Build.0 = Debug|x86
		{919E1021-F78C-4673-A28C-5FBC5086DD6F}.Debug|x86.ActiveCfg = Debug|x86
		{919E1021-F78C-4673-A28C-5FBC5086DD6F}.Debug|x86.Build.0 = Debug|x86
		{919E1021-F78C-4673-A28C-5FBC5086DD6F}.FTS-G|Any CPU.ActiveCfg = FTS-G|x86
		{919E1021-F78C-4673-A28C-5FBC5086DD6F}.FTS-G|Mixed Platforms.ActiveCfg = FTS-G|x86
		{919E1021-F78C-4673-A28C-5FBC5086DD6F}.FTS-G|Mixed Platforms.Build.0 = FTS-G|x86
		{919E1021-F78C-4673-A28C-5FBC5086DD6F}.FTS-G|x86.ActiveCfg = FTS-G|x86
		{919E1021-F78C-4673-A28C-5FBC5086DD6F}.FTS-G|x86.Build.0 = FTS-G|x86
		{919E1021-F78C-4673-A28C-5FBC5086DD6F}.FTS-NG|Any CPU.ActiveCfg = FTS-NG|x86
		{919E1021-F78C-4673-A28C-5FBC5086DD6F}.FTS-NG|Mixed Platforms.ActiveCfg = FTS-NG|x86
		{919E1021-F78C-4673-A28C-5FBC5086DD6F}.FTS-NG|Mixed Platforms.Build.0 = FTS-NG|x86
		{919E1021-F78C-4673-A28C-5FBC5086DD6F}.FTS-NG|x86.ActiveCfg = FTS-NG|x86
		{919E1021-F78C-4673-A28C-5FBC5086DD6F}.FTS-NG|x86.Build.0 = FTS-NG|x86
		{919E1021-F78C-4673-A28C-5FBC5086DD6F}.Release|Any CPU.ActiveCfg = Release|x86
		{919E1021-F78C-4673-A28C-5FBC5086DD6F}.Release|Mixed Platforms.ActiveCfg = Release|x86
		{919E1021-F78C-4673-A28C-5FBC5086DD6F}.Release|Mixed Platforms.Build.0 = Release|x86
		{919E1021-F78C-4673-A28C-5FBC5086DD6F}.Release|x86.ActiveCfg = Release|x86
		{919E1021-F78C-4673-A28C-5FBC5086DD6F}.Release|x86.Build.0 = Release|x86
		{151E47EB-97AC-4F5D-BEB0-84F270900BDA}.Debug|Any CPU.ActiveCfg = Debug|x86
		{151E47EB-97AC-4F5D-BEB0-84F270900BDA}.Debug|Any CPU.Build.0 = Debug|x86
		{151E47EB-97AC-4F5D-BEB0-84F270900BDA}.Debug|Mixed Platforms.ActiveCfg = Release|x86
		{151E47EB-97AC-4F5D-BEB0-84F270900BDA}.Debug|Mixed Platforms.Build.0 = Release|x86
		{151E47EB-97AC-4F5D-BEB0-84F270900BDA}.Debug|x86.ActiveCfg = Debug|x86
		{151E47EB-97AC-4F5D-BEB0-84F270900BDA}.Debug|x86.Build.0 = Debug|x86
		{151E47EB-97AC-4F5D-BEB0-84F270900BDA}.FTS-G|Any CPU.ActiveCfg = FTS-G|x86
		{151E47EB-97AC-4F5D-BEB0-84F270900BDA}.FTS-G|Mixed Platforms.ActiveCfg = FTS-G|x86
		{151E47EB-97AC-4F5D-BEB0-84F270900BDA}.FTS-G|Mixed Platforms.Build.0 = FTS-G|x86
		{151E47EB-97AC-4F5D-BEB0-84F270900BDA}.FTS-G|x86.ActiveCfg = FTS-G|x86
		{151E47EB-97AC-4F5D-BEB0-84F270900BDA}.FTS-G|x86.Build.0 = FTS-G|x86
		{151E47EB-97AC-4F5D-BEB0-84F270900BDA}.FTS-NG|Any CPU.ActiveCfg = FTS-NG|x86
		{151E47EB-97AC-4F5D-BEB0-84F270900BDA}.FTS-NG|Mixed Platforms.ActiveCfg = FTS-NG|x86
		{151E47EB-97AC-4F5D-BEB0-84F270900BDA}.FTS-NG|Mixed Platforms.Build.0 = FTS-NG|x86
		{151E47EB-97AC-4F5D-BEB0-84F270900BDA}.FTS-NG|x86.ActiveCfg = FTS-NG|x86
		{151E47EB-97AC-4F5D-BEB0-84F270900BDA}.FTS-NG|x86.Build.0 = FTS-NG|x86
		{151E47EB-97AC-4F5D-BEB0-84F270900BDA}.Release|Any CPU.ActiveCfg = Release|x86
		{151E47EB-97AC-4F5D-BEB0-84F270900BDA}.Release|Any CPU.Build.0 = Release|x86
		{151E47EB-97AC-4F5D-BEB0-84F270900BDA}.Release|Mixed Platforms.ActiveCfg = Release|x86
		{151E47EB-97AC-4F5D-BEB0-84F270900BDA}.Release|Mixed Platforms.Build.0 = Release|x86
		{151E47EB-97AC-4F5D-BEB0-84F270900BDA}.Release|x86.ActiveCfg = Release|x86
		{151E47EB-97AC-4F5D-BEB0-84F270900BDA}.Release|x86.Build.0 = Release|x86
		{C1BA9CB0-DA85-475E-ADB8-E025F0EE638A}.Debug|Any CPU.ActiveCfg = Debug|x86
		{C1BA9CB0-DA85-475E-ADB8-E025F0EE638A}.Debug|Mixed Platforms.ActiveCfg = Debug|x86
		{C1BA9CB0-DA85-475E-ADB8-E025F0EE638A}.Debug|Mixed Platforms.Build.0 = Debug|x86
		{C1BA9CB0-DA85-475E-ADB8-E025F0EE638A}.Debug|x86.ActiveCfg = Debug|x86
		{C1BA9CB0-DA85-475E-ADB8-E025F0EE638A}.Debug|x86.Build.0 = Debug|x86
		{C1BA9CB0-DA85-475E-ADB8-E025F0EE638A}.FTS-G|Any CPU.ActiveCfg = FTS-G|x86
		{C1BA9CB0-DA85-475E-ADB8-E025F0EE638A}.FTS-G|Mixed Platforms.ActiveCfg = FTS-G|x86
		{C1BA9CB0-DA85-475E-ADB8-E025F0EE638A}.FTS-G|Mixed Platforms.Build.0 = FTS-G|x86
		{C1BA9CB0-DA85-475E-ADB8-E025F0EE638A}.FTS-G|x86.ActiveCfg = FTS-G|x86
		{C1BA9CB0-DA85-475E-ADB8-E025F0EE638A}.FTS-G|x86.Build.0 = FTS-G|x86
		{C1BA9CB0-DA85-475E-ADB8-E025F0EE638A}.FTS-NG|Any CPU.ActiveCfg = FTS-NG|x86
		{C1BA9CB0-DA85-475E-ADB8-E025F0EE638A}.FTS-NG|Mixed Platforms.ActiveCfg = FTS-NG|x86
		{C1BA9CB0-DA85-475E-ADB8-E025F0EE638A}.FTS-NG|Mixed Platforms.Build.0 = FTS-NG|x86
		{C1BA9CB0-DA85-475E-ADB8-E025F0EE638A}.FTS-NG|x86.ActiveCfg = FTS-NG|x86
		{C1BA9CB0-DA85-475E-ADB8-E025F0EE638A}.FTS-NG|x86.Build.0 = FTS-NG|x86
		{C1BA9CB0-DA85-475E-ADB8-E025F0EE638A}.Release|Any CPU.ActiveCfg = Release|x86
		{C1BA9CB0-DA85-475E-ADB8-E025F0EE638A}.Release|Mixed Platforms.ActiveCfg = Release|x86
		{C1BA9CB0-DA85-475E-ADB8-E025F0EE638A}.Release|Mixed Platforms.Build.0 = Release|x86
		{C1BA9CB0-DA85-475E-ADB8-E025F0EE638A}.Release|x86.ActiveCfg = Release|x86
		{C1BA9CB0-DA85-475E-ADB8-E025F0EE638A}.Release|x86.Build.0 = Release|x86
		{78D0C478-63D7-452A-8327-B54271556A9F}.Debug|Any CPU.ActiveCfg = Debug|x86
		{78D0C478-63D7-452A-8327-B54271556A9F}.Debug|Any CPU.Build.0 = Debug|x86
		{78D0C478-63D7-452A-8327-B54271556A9F}.Debug|Mixed Platforms.ActiveCfg = Debug|x86
		{78D0C478-63D7-452A-8327-B54271556A9F}.Debug|Mixed Platforms.Build.0 = Debug|x86
		{78D0C478-63D7-452A-8327-B54271556A9F}.Debug|x86.ActiveCfg = Debug|x86
		{78D0C478-63D7-452A-8327-B54271556A9F}.Debug|x86.Build.0 = Debug|x86
		{78D0C478-63D7-452A-8327-B54271556A9F}.FTS-G|Any CPU.ActiveCfg = FTS-G|x86
		{78D0C478-63D7-452A-8327-B54271556A9F}.FTS-G|Mixed Platforms.ActiveCfg = FTS-G|x86
		{78D0C478-63D7-452A-8327-B54271556A9F}.FTS-G|Mixed Platforms.Build.0 = FTS-G|x86
		{78D0C478-63D7-452A-8327-B54271556A9F}.FTS-G|x86.ActiveCfg = FTS-G|x86
		{78D0C478-63D7-452A-8327-B54271556A9F}.FTS-G|x86.Build.0 = FTS-G|x86
		{78D0C478-63D7-452A-8327-B54271556A9F}.FTS-NG|Any CPU.ActiveCfg = FTS-NG|x86
		{78D0C478-63D7-452A-8327-B54271556A9F}.FTS-NG|Mixed Platforms.ActiveCfg = FTS-NG|x86
		{78D0C478-63D7-452A-8327-B54271556A9F}.FTS-NG|Mixed Platforms.Build.0 = FTS-NG|x86
		{78D0C478-63D7-452A-8327-B54271556A9F}.FTS-NG|x86.ActiveCfg = FTS-NG|x86
		{78D0C478-63D7-452A-8327-B54271556A9F}.FTS-NG|x86.Build.0 = FTS-NG|x86
		{78D0C478-63D7-452A-8327-B54271556A9F}.Release|Any CPU.ActiveCfg = Release|x86
		{78D0C478-63D7-452A-8327-B54271556A9F}.Release|Any CPU.Build.0 = Release|x86
		{78D0C478-63D7-452A-8327-B54271556A9F}.Release|Mixed Platforms.ActiveCfg = Release|x86
		{78D0C478-63D7-452A-8327-B54271556A9F}.Release|Mixed Platforms.Build.0 = Release|x86
		{78D0C478-63D7-452A-8327-B54271556A9F}.Release|x86.ActiveCfg = Release|x86
		{78D0C478-63D7-452A-8327-B54271556A9F}.Release|x86.Build.0 = Release|x86
		{5D6EC6B8-71DB-4A4F-8689-921C030747C9}.Debug|Any CPU.ActiveCfg = Debug|Any CPU
		{5D6EC6B8-71DB-4A4F-8689-921C030747C9}.Debug|Any CPU.Build.0 = Debug|Any CPU
		{5D6EC6B8-71DB-4A4F-8689-921C030747C9}.Debug|Mixed Platforms.ActiveCfg = Debug|Any CPU
		{5D6EC6B8-71DB-4A4F-8689-921C030747C9}.Debug|Mixed Platforms.Build.0 = Debug|Any CPU
		{5D6EC6B8-71DB-4A4F-8689-921C030747C9}.Debug|x86.ActiveCfg = Debug|Any CPU
		{5D6EC6B8-71DB-4A4F-8689-921C030747C9}.FTS-G|Any CPU.ActiveCfg = FTS-G|Any CPU
		{5D6EC6B8-71DB-4A4F-8689-921C030747C9}.FTS-G|Any CPU.Build.0 = FTS-G|Any CPU
		{5D6EC6B8-71DB-4A4F-8689-921C030747C9}.FTS-G|Mixed Platforms.ActiveCfg = FTS-G|Any CPU
		{5D6EC6B8-71DB-4A4F-8689-921C030747C9}.FTS-G|Mixed Platforms.Build.0 = FTS-G|Any CPU
		{5D6EC6B8-71DB-4A4F-8689-921C030747C9}.FTS-G|x86.ActiveCfg = FTS-G|Any CPU
		{5D6EC6B8-71DB-4A4F-8689-921C030747C9}.FTS-G|x86.Build.0 = FTS-G|Any CPU
		{5D6EC6B8-71DB-4A4F-8689-921C030747C9}.FTS-NG|Any CPU.ActiveCfg = FTS-NG|Any CPU
		{5D6EC6B8-71DB-4A4F-8689-921C030747C9}.FTS-NG|Any CPU.Build.0 = FTS-NG|Any CPU
		{5D6EC6B8-71DB-4A4F-8689-921C030747C9}.FTS-NG|Mixed Platforms.ActiveCfg = FTS-NG|Any CPU
		{5D6EC6B8-71DB-4A4F-8689-921C030747C9}.FTS-NG|Mixed Platforms.Build.0 = FTS-NG|Any CPU
		{5D6EC6B8-71DB-4A4F-8689-921C030747C9}.FTS-NG|x86.ActiveCfg = FTS-NG|Any CPU
		{5D6EC6B8-71DB-4A4F-8689-921C030747C9}.FTS-NG|x86.Build.0 = FTS-NG|Any CPU
		{5D6EC6B8-71DB-4A4F-8689-921C030747C9}.Release|Any CPU.ActiveCfg = Release|Any CPU
		{5D6EC6B8-71DB-4A4F-8689-921C030747C9}.Release|Any CPU.Build.0 = Release|Any CPU
		{5D6EC6B8-71DB-4A4F-8689-921C030747C9}.Release|Mixed Platforms.ActiveCfg = Release|Any CPU
		{5D6EC6B8-71DB-4A4F-8689-921C030747C9}.Release|Mixed Platforms.Build.0 = Release|Any CPU
		{5D6EC6B8-71DB-4A4F-8689-921C030747C9}.Release|x86.ActiveCfg = Release|Any CPU
		{731BB2F9-4C0F-461A-BEEF-DCE54B3DED62}.Debug|Any CPU.ActiveCfg = Debug|Any CPU
		{731BB2F9-4C0F-461A-BEEF-DCE54B3DED62}.Debug|Any CPU.Build.0 = Debug|Any CPU
		{731BB2F9-4C0F-461A-BEEF-DCE54B3DED62}.Debug|Mixed Platforms.ActiveCfg = Debug|Any CPU
		{731BB2F9-4C0F-461A-BEEF-DCE54B3DED62}.Debug|Mixed Platforms.Build.0 = Debug|Any CPU
		{731BB2F9-4C0F-461A-BEEF-DCE54B3DED62}.Debug|x86.ActiveCfg = Debug|Any CPU
		{731BB2F9-4C0F-461A-BEEF-DCE54B3DED62}.Debug|x86.Build.0 = Debug|Any CPU
		{731BB2F9-4C0F-461A-BEEF-DCE54B3DED62}.FTS-G|Any CPU.ActiveCfg = Release|Any CPU
		{731BB2F9-4C0F-461A-BEEF-DCE54B3DED62}.FTS-G|Any CPU.Build.0 = Release|Any CPU
		{731BB2F9-4C0F-461A-BEEF-DCE54B3DED62}.FTS-G|Mixed Platforms.ActiveCfg = Release|Any CPU
		{731BB2F9-4C0F-461A-BEEF-DCE54B3DED62}.FTS-G|Mixed Platforms.Build.0 = Release|Any CPU
		{731BB2F9-4C0F-461A-BEEF-DCE54B3DED62}.FTS-G|x86.ActiveCfg = Release|Any CPU
		{731BB2F9-4C0F-461A-BEEF-DCE54B3DED62}.FTS-G|x86.Build.0 = Release|Any CPU
		{731BB2F9-4C0F-461A-BEEF-DCE54B3DED62}.FTS-NG|Any CPU.ActiveCfg = Release|Any CPU
		{731BB2F9-4C0F-461A-BEEF-DCE54B3DED62}.FTS-NG|Any CPU.Build.0 = Release|Any CPU
		{731BB2F9-4C0F-461A-BEEF-DCE54B3DED62}.FTS-NG|Mixed Platforms.ActiveCfg = Release|Any CPU
		{731BB2F9-4C0F-461A-BEEF-DCE54B3DED62}.FTS-NG|Mixed Platforms.Build.0 = Release|Any CPU
		{731BB2F9-4C0F-461A-BEEF-DCE54B3DED62}.FTS-NG|x86.ActiveCfg = Release|Any CPU
		{731BB2F9-4C0F-461A-BEEF-DCE54B3DED62}.FTS-NG|x86.Build.0 = Release|Any CPU
		{731BB2F9-4C0F-461A-BEEF-DCE54B3DED62}.Release|Any CPU.ActiveCfg = Release|Any CPU
		{731BB2F9-4C0F-461A-BEEF-DCE54B3DED62}.Release|Any CPU.Build.0 = Release|Any CPU
		{731BB2F9-4C0F-461A-BEEF-DCE54B3DED62}.Release|Mixed Platforms.ActiveCfg = Release|Any CPU
		{731BB2F9-4C0F-461A-BEEF-DCE54B3DED62}.Release|Mixed Platforms.Build.0 = Release|Any CPU
		{731BB2F9-4C0F-461A-BEEF-DCE54B3DED62}.Release|x86.ActiveCfg = Release|Any CPU
		{731BB2F9-4C0F-461A-BEEF-DCE54B3DED62}.Release|x86.Build.0 = Release|Any CPU
	EndGlobalSection
	GlobalSection(SolutionProperties) = preSolution
		HideSolutionNode = FALSE
	EndGlobalSection
EndGlobal
